# THIS IS AN AUTOGENERATED FILE. DO NOT EDIT THIS FILE DIRECTLY.
# yarn lockfile v1


asn1.js@^5.3.0:
  version "5.3.0"
  resolved "https://registry.npmjs.org/asn1.js/-/asn1.js-5.3.0.tgz"
  integrity sha512-WHnQJFcOrIWT1RLOkFFBQkFVvyt9BPOOrH+Dp152Zk4R993rSzXUGPmkybIcUFhHE2d/iHH+nCaOWVCDbO8fgA==
  dependencies:
    bn.js "^4.0.0"
    inherits "^2.0.1"
    minimalistic-assert "^1.0.0"
    safer-buffer "^2.1.0"

axios@^0.25.0:
  version "0.25.0"
  resolved "https://registry.yarnpkg.com/axios/-/axios-0.25.0.tgz#349cfbb31331a9b4453190791760a8d35b093e0a"
  integrity sha512-cD8FOb0tRH3uuEe6+evtAbgJtfxr7ly3fQjYcMcuPlgkwVS9xboaVIpcDV+cYQe+yGykgwZCs1pzjntcGa6l5g==
  dependencies:
    follow-redirects "^1.14.7"

bn.js@^4.0.0, bn.js@^4.11.9:
  version "4.12.0"
  resolved "https://registry.npmjs.org/bn.js/-/bn.js-4.12.0.tgz"
  integrity sha512-c98Bf3tPniI+scsdk237ku1Dc3ujXQTSgyiPUDEOe7tRkhrqridvh8klBv0HCEso1OLOYcHuCv/cS6DNxKH+ZA==

brorand@^1.1.0:
  version "1.1.0"
  resolved "https://registry.npmjs.org/brorand/-/brorand-1.1.0.tgz"
  integrity sha1-EsJe/kCkXjwyPrhnWgoM5XsiNx8=

buffer-equal-constant-time@1.0.1:
  version "1.0.1"
  resolved "https://registry.npmjs.org/buffer-equal-constant-time/-/buffer-equal-constant-time-1.0.1.tgz"
  integrity sha1-+OcRMvf/5uAaXJaXpMbz5I1cyBk=

cookie@^0.4.2:
  version "0.4.2"
  resolved "https://registry.yarnpkg.com/cookie/-/cookie-0.4.2.tgz#0e41f24de5ecf317947c82fc789e06a884824432"
  integrity sha512-aSWTXFzaKWkvHO1Ny/s+ePFpvKsPnjc551iI41v3ny/ow6tBG5Vd+FuqGNhh1LxOmVzOlGUriIlOaokOvhaStA==

ecdsa-sig-formatter@1.0.11:
  version "1.0.11"
  resolved "https://registry.npmjs.org/ecdsa-sig-formatter/-/ecdsa-sig-formatter-1.0.11.tgz"
  integrity sha512-nagl3RYrbNv6kQkeJIpt6NJZy8twLB/2vtz6yN9Z4vRKHN4/QZJIEbqohALSgwKdnksuY3k5Addp5lg8sVoVcQ==
  dependencies:
    safe-buffer "^5.0.1"

elliptic@^6.5.4:
  version "6.5.4"
  resolved "https://registry.yarnpkg.com/elliptic/-/elliptic-6.5.4.tgz#da37cebd31e79a1367e941b592ed1fbebd58abbb"
  integrity sha512-iLhC6ULemrljPZb+QutR5TQGB+pdW6KGD5RSegS+8sorOZT+rdQFbsQFJgvN3eRqNALqJer4oQ16YvJHlU8hzQ==
  dependencies:
    bn.js "^4.11.9"
    brorand "^1.1.0"
    hash.js "^1.0.0"
    hmac-drbg "^1.0.1"
    inherits "^2.0.4"
    minimalistic-assert "^1.0.1"
    minimalistic-crypto-utils "^1.0.1"

follow-redirects@^1.14.7:
  version "1.14.8"
  resolved "https://registry.yarnpkg.com/follow-redirects/-/follow-redirects-1.14.8.tgz#016996fb9a11a100566398b1c6839337d7bfa8fc"
  integrity sha512-1x0S9UVJHsQprFcEC/qnNzBLcIxsjAV905f/UkQxbclCsoTWlacCNOpQa/anodLl2uaEKFhfWOvM2Qg77+15zA==

hash.js@^1.0.0, hash.js@^1.0.3:
  version "1.1.7"
  resolved "https://registry.npmjs.org/hash.js/-/hash.js-1.1.7.tgz"
  integrity sha512-taOaskGt4z4SOANNseOviYDvjEJinIkRgmp7LbKP2YTTmVxWBl87s/uzK9r+44BclBSp2X7K1hqeNfz9JbBeXA==
  dependencies:
    inherits "^2.0.3"
    minimalistic-assert "^1.0.1"

hmac-drbg@^1.0.1:
  version "1.0.1"
  resolved "https://registry.npmjs.org/hmac-drbg/-/hmac-drbg-1.0.1.tgz"
  integrity sha1-0nRXAQJabHdabFRXk+1QL8DGSaE=
  dependencies:
    hash.js "^1.0.3"
    minimalistic-assert "^1.0.0"
    minimalistic-crypto-utils "^1.0.1"

inherits@^2.0.1, inherits@^2.0.3, inherits@^2.0.4:
  version "2.0.4"
  resolved "https://registry.npmjs.org/inherits/-/inherits-2.0.4.tgz"
  integrity sha512-k/vGaX4/Yla3WzyMCvTQOXYeIHvqOKtnqBduzTHpzpQZzAskKMhZ2K+EnBiSM9zGSoIFeMpXKxa4dYeZIQqewQ==

jsonwebtoken@^8.5.1:
  version "8.5.1"
  resolved "https://registry.npmjs.org/jsonwebtoken/-/jsonwebtoken-8.5.1.tgz"
  integrity sha512-XjwVfRS6jTMsqYs0EsuJ4LGxXV14zQybNd4L2r0UvbVnSF9Af8x7p5MzbJ90Ioz/9TI41/hTCvznF/loiSzn8w==
  dependencies:
    jws "^3.2.2"
    lodash.includes "^4.3.0"
    lodash.isboolean "^3.0.3"
    lodash.isinteger "^4.0.4"
    lodash.isnumber "^3.0.3"
    lodash.isplainobject "^4.0.6"
    lodash.isstring "^4.0.1"
    lodash.once "^4.0.0"
    ms "^2.1.1"
    semver "^5.6.0"

jwa@^1.4.1:
  version "1.4.1"
  resolved "https://registry.npmjs.org/jwa/-/jwa-1.4.1.tgz"
  integrity sha512-qiLX/xhEEFKUAJ6FiBMbes3w9ATzyk5W7Hvzpa/SLYdxNtng+gcurvrI7TbACjIXlsJyr05/S1oUhZrc63evQA==
  dependencies:
    buffer-equal-constant-time "1.0.1"
    ecdsa-sig-formatter "1.0.11"
    safe-buffer "^5.0.1"

jwk-to-pem@^2.0.5:
  version "2.0.5"
  resolved "https://registry.yarnpkg.com/jwk-to-pem/-/jwk-to-pem-2.0.5.tgz#151310bcfbcf731adc5ad9f379cbc8b395742906"
  integrity sha512-L90jwellhO8jRKYwbssU9ifaMVqajzj3fpRjDKcsDzrslU9syRbFqfkXtT4B89HYAap+xsxNcxgBSB09ig+a7A==
  dependencies:
    asn1.js "^5.3.0"
    elliptic "^6.5.4"
    safe-buffer "^5.0.1"

jws@^3.2.2:
  version "3.2.2"
  resolved "https://registry.npmjs.org/jws/-/jws-3.2.2.tgz"
  integrity sha512-YHlZCB6lMTllWDtSPHz/ZXTsi8S00usEV6v1tjq8tOUZzw7DpSDWVXjXDre6ed1w/pd495ODpHZYSdkRTsa0HA==
  dependencies:
    jwa "^1.4.1"
    safe-buffer "^5.0.1"

lodash.includes@^4.3.0:
  version "4.3.0"
  resolved "https://registry.npmjs.org/lodash.includes/-/lodash.includes-4.3.0.tgz"
  integrity sha1-YLuYqHy5I8aMoeUTJUgzFISfVT8=

lodash.isboolean@^3.0.3:
  version "3.0.3"
  resolved "https://registry.npmjs.org/lodash.isboolean/-/lodash.isboolean-3.0.3.tgz"
  integrity sha1-bC4XHbKiV82WgC/UOwGyDV9YcPY=

lodash.isinteger@^4.0.4:
  version "4.0.4"
  resolved "https://registry.npmjs.org/lodash.isinteger/-/lodash.isinteger-4.0.4.tgz"
  integrity sha1-YZwK89A/iwTDH1iChAt3sRzWg0M=

lodash.isnumber@^3.0.3:
  version "3.0.3"
  resolved "https://registry.npmjs.org/lodash.isnumber/-/lodash.isnumber-3.0.3.tgz"
  integrity sha1-POdoEMWSjQM1IwGsKHMX8RwLH/w=

lodash.isplainobject@^4.0.6:
  version "4.0.6"
  resolved "https://registry.npmjs.org/lodash.isplainobject/-/lodash.isplainobject-4.0.6.tgz"
  integrity sha1-fFJqUtibRcRcxpC4gWO+BJf1UMs=

lodash.isstring@^4.0.1:
  version "4.0.1"
  resolved "https://registry.npmjs.org/lodash.isstring/-/lodash.isstring-4.0.1.tgz"
  integrity sha1-1SfftUVuynzJu5XV2ur4i6VKVFE=

lodash.once@^4.0.0:
  version "4.1.1"
  resolved "https://registry.npmjs.org/lodash.once/-/lodash.once-4.1.1.tgz"
  integrity sha1-DdOXEhPHxW34gJd9UEyI+0cal6w=

minimalistic-assert@^1.0.0, minimalistic-assert@^1.0.1:
  version "1.0.1"
  resolved "https://registry.npmjs.org/minimalistic-assert/-/minimalistic-assert-1.0.1.tgz"
  integrity sha512-UtJcAD4yEaGtjPezWuO9wC4nwUnVH/8/Im3yEHQP4b67cXlD/Qr9hdITCU1xDbSEXg2XKNaP8jsReV7vQd00/A==

minimalistic-crypto-utils@^1.0.1:
  version "1.0.1"
  resolved "https://registry.npmjs.org/minimalistic-crypto-utils/-/minimalistic-crypto-utils-1.0.1.tgz"
  integrity sha1-9sAMHAsIIkblxNmd+4x8CDsrWCo=

ms@^2.1.1:
  version "2.1.2"
  resolved "https://registry.npmjs.org/ms/-/ms-2.1.2.tgz"
  integrity sha512-sGkPx+VjMtmA6MX27oA4FBFELFCZZ4S4XqeGOXCv68tT+jb3vk/RyaKWP0PTKyWtmLSM0b+adUTEvbs1PEaH2w==

querystring@^0.2.0:
  version "0.2.0"
  resolved "https://registry.npmjs.org/querystring/-/querystring-0.2.0.tgz"
  integrity sha1-sgmEkgO7Jd+CDadW50cAWHhSFiA=

safe-buffer@^5.0.1:
  version "5.2.0"
  resolved "https://registry.npmjs.org/safe-buffer/-/safe-buffer-5.2.0.tgz"
  integrity sha512-fZEwUGbVl7kouZs1jCdMLdt95hdIv0ZeHg6L7qPeciMZhZ+/gdesW4wgTARkrFWEpspjEATAzUGPG8N2jJiwbg==

safer-buffer@^2.1.0:
  version "2.1.2"
  resolved "https://registry.npmjs.org/safer-buffer/-/safer-buffer-2.1.2.tgz"
  integrity sha512-YZo3K82SD7Riyi0E1EQPojLz7kpepnSQI9IyPbHHg1XXXevb5dJI7tpyN2ADxGcQbHG7vcyRHk0cbwqcQriUtg==

semver@^5.6.0:
  version "5.7.1"
  resolved "https://registry.npmjs.org/semver/-/semver-5.7.1.tgz"
  integrity sha512-sauaDf/PZdVgrLTNYHRtpXa1iRiKcaebiKQ1BJdpQlWH2lCvexQdX55snPFyK7QzpudqbCI0qXFfOasHdyNDGQ==

urlsafe-base64@^1.0.0:
  version "1.0.0"
  resolved "https://registry.npmjs.org/urlsafe-base64/-/urlsafe-base64-1.0.0.tgz"
  integrity sha1-I/iQaabGL0bPOh07ABac77kL4MY=
